{
  "name": "mpl-file-level",
  "version": "1.0.0",
  "lockfileVersion": 3,
  "requires": true,
  "packages": {
    "": {
      "name": "mpl-file-level",
      "version": "1.0.0",
      "license": "MIT"
    },
    "node_modules/mpl-tool": {
      "version": "1.0.0",
      "license": "MPL-2.0"
    }
  }
}
