{
  "name": "unknown-spdx-id",
  "version": "1.0.0",
  "lockfileVersion": 3,
  "requires": true,
  "packages": {
    "": {
      "name": "unknown-spdx-id",
      "version": "1.0.0",
      "license": "MIT"
    },
    "node_modules/mystery-tool": {
      "version": "1.0.0",
      "license": "FOO-1.0"
    }
  }
}
