{
  "name": "upstream-sdk-import",
  "version": "1.0.0",
  "lockfileVersion": 3,
  "requires": true,
  "packages": {
    "": {
      "name": "upstream-sdk-import",
      "version": "1.0.0",
      "license": "MIT"
    },
    "node_modules/openai": {
      "version": "4.0.0",
      "license": "Apache-2.0"
    }
  }
}
