{
  "name": "territorial-fixture",
  "version": "1.0.0",
  "lockfileVersion": 3,
  "requires": true,
  "packages": {
    "": { "name": "territorial-fixture", "version": "1.0.0", "dependencies": { "demo-lib": "1.0.0" } },
    "node_modules/demo-lib": { "version": "1.0.0", "license": "LicenseRef-territorial-demo" }
  }
}
