{
  "name": "bsd-3-clause",
  "version": "1.0.0",
  "lockfileVersion": 3,
  "requires": true,
  "packages": {
    "": {
      "name": "bsd-3-clause",
      "version": "1.0.0",
      "license": "MIT"
    },
    "node_modules/bsd-tool": {
      "version": "1.0.0",
      "license": "BSD-3-Clause"
    }
  }
}
