{
  "name": "declared-vs-actual-conflict",
  "version": "1.0.0",
  "lockfileVersion": 3,
  "requires": true,
  "packages": {
    "": {
      "name": "declared-vs-actual-conflict",
      "version": "1.0.0",
      "license": "MIT"
    },
    "node_modules/lodash": {
      "version": "4.17.21",
      "license": "MIT"
    }
  }
}
