{
  "name": "npm-lockfile-v1-nested",
  "version": "1.0.0",
  "lockfileVersion": 1,
  "requires": true,
  "dependencies": {
    "express": {
      "version": "4.18.2",
      "resolved": "https://registry.npmjs.org/express/-/express-4.18.2.tgz",
      "integrity": "sha512-example",
      "license": "MIT",
      "dependencies": {
        "leftpad": {
          "version": "1.0.0",
          "resolved": "https://registry.npmjs.org/leftpad/-/leftpad-1.0.0.tgz",
          "integrity": "sha512-example",
          "license": "WTFPL"
        }
      }
    }
  }
}
