{
  "name": "clean-small",
  "version": "1.0.0",
  "lockfileVersion": 3,
  "requires": true,
  "packages": {
    "": {
      "name": "clean-small",
      "version": "1.0.0",
      "license": "MIT"
    },
    "node_modules/mit-tool": {
      "version": "1.0.0",
      "license": "MIT"
    },
    "node_modules/isc-tool": {
      "version": "2.0.0",
      "license": "ISC"
    },
    "node_modules/apache-tool": {
      "version": "3.0.0",
      "license": "Apache-2.0"
    },
    "node_modules/bsd-tool": {
      "version": "4.0.0",
      "license": "BSD-3-Clause"
    },
    "node_modules/mit-other": {
      "version": "5.0.0",
      "license": "MIT"
    }
  }
}
