{
  "name": "sspl-not-open-source",
  "version": "1.0.0",
  "lockfileVersion": 3,
  "requires": true,
  "packages": {
    "": {
      "name": "sspl-not-open-source",
      "version": "1.0.0",
      "license": "MIT"
    },
    "node_modules/mongo-thing": {
      "version": "1.0.0",
      "license": "SSPL-1.0"
    }
  }
}
