{
  "name": "elastic-licence-confusion",
  "version": "1.0.0",
  "lockfileVersion": 3,
  "requires": true,
  "packages": {
    "": {
      "name": "elastic-licence-confusion",
      "version": "1.0.0",
      "license": "MIT"
    },
    "node_modules/elastic-thing": {
      "version": "1.0.0",
      "license": "Elastic-2.0"
    }
  }
}
