{
  "name": "gpl-distributed",
  "version": "1.0.0",
  "lockfileVersion": 3,
  "requires": true,
  "packages": {
    "": {
      "name": "gpl-distributed",
      "version": "1.0.0",
      "license": "MIT"
    },
    "node_modules/gpl-tool": {
      "version": "3.0.0",
      "license": "GPL-3.0-only"
    }
  }
}
