{
  "name": "duplicate-licence-families",
  "version": "1.0.0",
  "lockfileVersion": 3,
  "packages": {
    "": {
      "name": "duplicate-licence-families",
      "version": "1.0.0",
      "license": "MIT"
    },
    "node_modules/gplpkg": {
      "version": "1.0.0"
    },
    "node_modules/agplpkg": {
      "version": "1.0.0"
    }
  }
}
