{
  "name": "lgpl-static-linking",
  "version": "1.0.0",
  "lockfileVersion": 3,
  "requires": true,
  "packages": {
    "": {
      "name": "lgpl-static-linking",
      "version": "1.0.0",
      "license": "MIT"
    },
    "node_modules/libcodec": {
      "version": "1.4.0",
      "license": "LGPL-3.0-only"
    }
  }
}
