{
  "name": "apache-attribution",
  "version": "1.0.0",
  "lockfileVersion": 3,
  "requires": true,
  "packages": {
    "": {
      "name": "apache-attribution",
      "version": "1.0.0",
      "license": "MIT"
    },
    "node_modules/apache-tool": {
      "version": "1.0.0",
      "license": "Apache-2.0"
    }
  }
}
