{
  "name": "gpl-proprietary-binary",
  "version": "1.0.0",
  "lockfileVersion": 3,
  "requires": true,
  "packages": {
    "": {
      "name": "gpl-proprietary-binary",
      "version": "1.0.0",
      "license": "MIT"
    },
    "node_modules/gnu-thing": {
      "version": "2.0.0",
      "license": "GPL-3.0-only"
    }
  }
}
